
Microsoft Visual Studio Solution File, Format Version 12.00
# Visual Studio Version 16
VisualStudioVersion = 16.0.31702.278
MinimumVisualStudioVersion = 10.0.40219.1
Project("{FAE04EC0-301F-11D3-BF4B-00C04F79EFBC}") = "AppINSY4051.UWP", "AppINSY4051\AppINSY4051.UWP\AppINSY4051.UWP.csproj", "{D993C68A-227D-4002-9EE5-C9B9024C58CC}"
EndProject
Project("{FAE04EC0-301F-11D3-BF4B-00C04F79EFBC}") = "AppINSY4051.Android", "AppINSY4051\AppINSY4051.Android\AppINSY4051.Android.csproj", "{31534858-1F35-4AC8-A9E1-04AAC83CFF36}"
EndProject
Project("{FAE04EC0-301F-11D3-BF4B-00C04F79EFBC}") = "AppINSY4051.iOS", "AppINSY4051\AppINSY4051.iOS\AppINSY4051.iOS.csproj", "{0CE665C3-BD7F-499B-B3CC-E402D82D52D3}"
EndProject
Project("{9A19103F-16F7-4668-BE54-9A1E7A4F7556}") = "AppINSY4051", "AppINSY4051\AppINSY4051\AppINSY4051.csproj", "{5311A663-B3F2-405B-9ED2-AC873F4F6209}"
EndProject
Project("{FAE04EC0-301F-11D3-BF4B-00C04F79EFBC}") = "Test", "Test\Test.csproj", "{A1B0E4C0-96A7-4CB2-B086-1C7E6EF293E3}"
EndProject
Global
	GlobalSection(SolutionConfigurationPlatforms) = preSolution
		Debug|Any CPU = Debug|Any CPU
		Debug|ARM = Debug|ARM
		Debug|iPhone = Debug|iPhone
		Debug|iPhoneSimulator = Debug|iPhoneSimulator
		Debug|x64 = Debug|x64
		Debug|x86 = Debug|x86
		Release|Any CPU = Release|Any CPU
		Release|ARM = Release|ARM
		Release|iPhone = Release|iPhone
		Release|iPhoneSimulator = Release|iPhoneSimulator
		Release|x64 = Release|x64
		Release|x86 = Release|x86
	EndGlobalSection
	GlobalSection(ProjectConfigurationPlatforms) = postSolution
		{D993C68A-227D-4002-9EE5-C9B9024C58CC}.Debug|Any CPU.ActiveCfg = Debug|x86
		{D993C68A-227D-4002-9EE5-C9B9024C58CC}.Debug|Any CPU.Build.0 = Debug|x86
		{D993C68A-227D-4002-9EE5-C9B9024C58CC}.Debug|Any CPU.Deploy.0 = Debug|x86
		{D993C68A-227D-4002-9EE5-C9B9024C58CC}.Debug|ARM.ActiveCfg = Debug|ARM
		{D993C68A-227D-4002-9EE5-C9B9024C58CC}.Debug|ARM.Build.0 = Debug|ARM
		{D993C68A-227D-4002-9EE5-C9B9024C58CC}.Debug|ARM.Deploy.0 = Debug|ARM
		{D993C68A-227D-4002-9EE5-C9B9024C58CC}.Debug|iPhone.ActiveCfg = Debug|x86
		{D993C68A-227D-4002-9EE5-C9B9024C58CC}.Debug|iPhone.Build.0 = Debug|x86
		{D993C68A-227D-4002-9EE5-C9B9024C58CC}.Debug|iPhone.Deploy.0 = Debug|x86
		{D993C68A-227D-4002-9EE5-C9B9024C58CC}.Debug|iPhoneSimulator.ActiveCfg = Debug|x86
		{D993C68A-227D-4002-9EE5-C9B9024C58CC}.Debug|iPhoneSimulator.Build.0 = Debug|x86
		{D993C68A-227D-4002-9EE5-C9B9024C58CC}.Debug|iPhoneSimulator.Deploy.0 = Debug|x86
		{D993C68A-227D-4002-9EE5-C9B9024C58CC}.Debug|x64.ActiveCfg = Debug|x64
		{D993C68A-227D-4002-9EE5-C9B9024C58CC}.Debug|x64.Build.0 = Debug|x64
		{D993C68A-227D-4002-9EE5-C9B9024C58CC}.Debug|x64.Deploy.0 = Debug|x64
		{D993C68A-227D-4002-9EE5-C9B9024C58CC}.Debug|x86.ActiveCfg = Debug|x86
		{D993C68A-227D-4002-9EE5-C9B9024C58CC}.Debug|x86.Build.0 = Debug|x86
		{D993C68A-227D-4002-9EE5-C9B9024C58CC}.Debug|x86.Deploy.0 = Debug|x86
		{D993C68A-227D-4002-9EE5-C9B9024C58CC}.Release|Any CPU.ActiveCfg = Release|x86
		{D993C68A-227D-4002-9EE5-C9B9024C58CC}.Release|Any CPU.Build.0 = Release|x86
		{D993C68A-227D-4002-9EE5-C9B9024C58CC}.Release|Any CPU.Deploy.0 = Release|x86
		{D993C68A-227D-4002-9EE5-C9B9024C58CC}.Release|ARM.ActiveCfg = Release|ARM
		{D993C68A-227D-4002-9EE5-C9B9024C58CC}.Release|ARM.Build.0 = Release|ARM
		{D993C68A-227D-4002-9EE5-C9B9024C58CC}.Release|ARM.Deploy.0 = Release|ARM
		{D993C68A-227D-4002-9EE5-C9B9024C58CC}.Release|iPhone.ActiveCfg = Release|x86
		{D993C68A-227D-4002-9EE5-C9B9024C58CC}.Release|iPhone.Build.0 = Release|x86
		{D993C68A-227D-4002-9EE5-C9B9024C58CC}.Release|iPhone.Deploy.0 = Release|x86
		{D993C68A-227D-4002-9EE5-C9B9024C58CC}.Release|iPhoneSimulator.ActiveCfg = Release|x86
		{D993C68A-227D-4002-9EE5-C9B9024C58CC}.Release|iPhoneSimulator.Build.0 = Release|x86
		{D993C68A-227D-4002-9EE5-C9B9024C58CC}.Release|iPhoneSimulator.Deploy.0 = Release|x86
		{D993C68A-227D-4002-9EE5-C9B9024C58CC}.Release|x64.ActiveCfg = Release|x64
		{D993C68A-227D-4002-9EE5-C9B9024C58CC}.Release|x64.Build.0 = Release|x64
		{D993C68A-227D-4002-9EE5-C9B9024C58CC}.Release|x64.Deploy.0 = Release|x64
		{D993C68A-227D-4002-9EE5-C9B9024C58CC}.Release|x86.ActiveCfg = Release|x86
		{D993C68A-227D-4002-9EE5-C9B9024C58CC}.Release|x86.Build.0 = Release|x86
		{D993C68A-227D-4002-9EE5-C9B9024C58CC}.Release|x86.Deploy.0 = Release|x86
		{31534858-1F35-4AC8-A9E1-04AAC83CFF36}.Debug|Any CPU.ActiveCfg = Debug|Any CPU
		{31534858-1F35-4AC8-A9E1-04AAC83CFF36}.Debug|Any CPU.Build.0 = Debug|Any CPU
		{31534858-1F35-4AC8-A9E1-04AAC83CFF36}.Debug|Any CPU.Deploy.0 = Debug|Any CPU
		{31534858-1F35-4AC8-A9E1-04AAC83CFF36}.Debug|ARM.ActiveCfg = Debug|Any CPU
		{31534858-1F35-4AC8-A9E1-04AAC83CFF36}.Debug|ARM.Build.0 = Debug|Any CPU
		{31534858-1F35-4AC8-A9E1-04AAC83CFF36}.Debug|ARM.Deploy.0 = Debug|Any CPU
		{31534858-1F35-4AC8-A9E1-04AAC83CFF36}.Debug|iPhone.ActiveCfg = Debug|Any CPU
		{31534858-1F35-4AC8-A9E1-04AAC83CFF36}.Debug|iPhone.Build.0 = Debug|Any CPU
		{31534858-1F35-4AC8-A9E1-04AAC83CFF36}.Debug|iPhone.Deploy.0 = Debug|Any CPU
		{31534858-1F35-4AC8-A9E1-04AAC83CFF36}.Debug|iPhoneSimulator.ActiveCfg = Debug|Any CPU
		{31534858-1F35-4AC8-A9E1-04AAC83CFF36}.Debug|iPhoneSimulator.Build.0 = Debug|Any CPU
		{31534858-1F35-4AC8-A9E1-04AAC83CFF36}.Debug|iPhoneSimulator.Deploy.0 = Debug|Any CPU
		{31534858-1F35-4AC8-A9E1-04AAC83CFF36}.Debug|x64.ActiveCfg = Debug|Any CPU
		{31534858-1F35-4AC8-A9E1-04AAC83CFF36}.Debug|x64.Build.0 = Debug|Any CPU
		{31534858-1F35-4AC8-A9E1-04AAC83CFF36}.Debug|x64.Deploy.0 = Debug|Any CPU
		{31534858-1F35-4AC8-A9E1-04AAC83CFF36}.Debug|x86.ActiveCfg = Debug|Any CPU
		{31534858-1F35-4AC8-A9E1-04AAC83CFF36}.Debug|x86.Build.0 = Debug|Any CPU
		{31534858-1F35-4AC8-A9E1-04AAC83CFF36}.Debug|x86.Deploy.0 = Debug|Any CPU
		{31534858-1F35-4AC8-A9E1-04AAC83CFF36}.Release|Any CPU.ActiveCfg = Release|Any CPU
		{31534858-1F35-4AC8-A9E1-04AAC83CFF36}.Release|Any CPU.Build.0 = Release|Any CPU
		{31534858-1F35-4AC8-A9E1-04AAC83CFF36}.Release|Any CPU.Deploy.0 = Release|Any CPU
		{31534858-1F35-4AC8-A9E1-04AAC83CFF36}.Release|ARM.ActiveCfg = Release|Any CPU
		{31534858-1F35-4AC8-A9E1-04AAC83CFF36}.Release|ARM.Build.0 = Release|Any CPU
		{31534858-1F35-4AC8-A9E1-04AAC83CFF36}.Release|ARM.Deploy.0 = Release|Any CPU
		{31534858-1F35-4AC8-A9E1-04AAC83CFF36}.Release|iPhone.ActiveCfg = Release|Any CPU
		{31534858-1F35-4AC8-A9E1-04AAC83CFF36}.Release|iPhone.Build.0 = Release|Any CPU
		{31534858-1F35-4AC8-A9E1-04AAC83CFF36}.Release|iPhone.Deploy.0 = Release|Any CPU
		{31534858-1F35-4AC8-A9E1-04AAC83CFF36}.Release|iPhoneSimulator.ActiveCfg = Release|Any CPU
		{31534858-1F35-4AC8-A9E1-04AAC83CFF36}.Release|iPhoneSimulator.Build.0 = Release|Any CPU
		{31534858-1F35-4AC8-A9E1-04AAC83CFF36}.Release|iPhoneSimulator.Deploy.0 = Release|Any CPU
		{31534858-1F35-4AC8-A9E1-04AAC83CFF36}.Release|x64.ActiveCfg = Release|Any CPU
		{31534858-1F35-4AC8-A9E1-04AAC83CFF36}.Release|x64.Build.0 = Release|Any CPU
		{31534858-1F35-4AC8-A9E1-04AAC83CFF36}.Release|x64.Deploy.0 = Release|Any CPU
		{31534858-1F35-4AC8-A9E1-04AAC83CFF36}.Release|x86.ActiveCfg = Release|Any CPU
		{31534858-1F35-4AC8-A9E1-04AAC83CFF36}.Release|x86.Build.0 = Release|Any CPU
		{31534858-1F35-4AC8-A9E1-04AAC83CFF36}.Release|x86.Deploy.0 = Release|Any CPU
		{0CE665C3-BD7F-499B-B3CC-E402D82D52D3}.Debug|Any CPU.ActiveCfg = Debug|iPhoneSimulator
		{0CE665C3-BD7F-499B-B3CC-E402D82D52D3}.Debug|Any CPU.Build.0 = Debug|iPhoneSimulator
		{0CE665C3-BD7F-499B-B3CC-E402D82D52D3}.Debug|Any CPU.Deploy.0 = Debug|iPhoneSimulator
		{0CE665C3-BD7F-499B-B3CC-E402D82D52D3}.Debug|ARM.ActiveCfg = Debug|iPhone
		{0CE665C3-BD7F-499B-B3CC-E402D82D52D3}.Debug|ARM.Build.0 = Debug|iPhone
		{0CE665C3-BD7F-499B-B3CC-E402D82D52D3}.Debug|ARM.Deploy.0 = Debug|iPhone
		{0CE665C3-BD7F-499B-B3CC-E402D82D52D3}.Debug|iPhone.ActiveCfg = Debug|iPhone
		{0CE665C3-BD7F-499B-B3CC-E402D82D52D3}.Debug|iPhone.Build.0 = Debug|iPhone
		{0CE665C3-BD7F-499B-B3CC-E402D82D52D3}.Debug|iPhone.Deploy.0 = Debug|iPhone
		{0CE665C3-BD7F-499B-B3CC-E402D82D52D3}.Debug|iPhoneSimulator.ActiveCfg = Debug|iPhoneSimulator
		{0CE665C3-BD7F-499B-B3CC-E402D82D52D3}.Debug|iPhoneSimulator.Build.0 = Debug|iPhoneSimulator
		{0CE665C3-BD7F-499B-B3CC-E402D82D52D3}.Debug|iPhoneSimulator.Deploy.0 = Debug|iPhoneSimulator
		{0CE665C3-BD7F-499B-B3CC-E402D82D52D3}.Debug|x64.ActiveCfg = Debug|iPhoneSimulator
		{0CE665C3-BD7F-499B-B3CC-E402D82D52D3}.Debug|x64.Build.0 = Debug|iPhoneSimulator
		{0CE665C3-BD7F-499B-B3CC-E402D82D52D3}.Debug|x64.Deploy.0 = Debug|iPhoneSimulator
		{0CE665C3-BD7F-499B-B3CC-E402D82D52D3}.Debug|x86.ActiveCfg = Debug|iPhoneSimulator
		{0CE665C3-BD7F-499B-B3CC-E402D82D52D3}.Debug|x86.Build.0 = Debug|iPhoneSimulator
		{0CE665C3-BD7F-499B-B3CC-E402D82D52D3}.Debug|x86.Deploy.0 = Debug|iPhoneSimulator
		{0CE665C3-BD7F-499B-B3CC-E402D82D52D3}.Release|Any CPU.ActiveCfg = Release|iPhoneSimulator
		{0CE665C3-BD7F-499B-B3CC-E402D82D52D3}.Release|Any CPU.Build.0 = Release|iPhoneSimulator
		{0CE665C3-BD7F-499B-B3CC-E402D82D52D3}.Release|Any CPU.Deploy.0 = Release|iPhoneSimulator
		{0CE665C3-BD7F-499B-B3CC-E402D82D52D3}.Release|ARM.ActiveCfg = Release|iPhoneSimulator
		{0CE665C3-BD7F-499B-B3CC-E402D82D52D3}.Release|ARM.Build.0 = Release|iPhoneSimulator
		{0CE665C3-BD7F-499B-B3CC-E402D82D52D3}.Release|ARM.Deploy.0 = Release|iPhoneSimulator
		{0CE665C3-BD7F-499B-B3CC-E402D82D52D3}.Release|iPhone.ActiveCfg = Release|iPhone
		{0CE665C3-BD7F-499B-B3CC-E402D82D52D3}.Release|iPhone.Build.0 = Release|iPhone
		{0CE665C3-BD7F-499B-B3CC-E402D82D52D3}.Release|iPhone.Deploy.0 = Release|iPhone
		{0CE665C3-BD7F-499B-B3CC-E402D82D52D3}.Release|iPhoneSimulator.ActiveCfg = Release|iPhoneSimulator
		{0CE665C3-BD7F-499B-B3CC-E402D82D52D3}.Release|iPhoneSimulator.Build.0 = Release|iPhoneSimulator
		{0CE665C3-BD7F-499B-B3CC-E402D82D52D3}.Release|iPhoneSimulator.Deploy.0 = Release|iPhoneSimulator
		{0CE665C3-BD7F-499B-B3CC-E402D82D52D3}.Release|x64.ActiveCfg = Release|iPhoneSimulator
		{0CE665C3-BD7F-499B-B3CC-E402D82D52D3}.Release|x64.Build.0 = Release|iPhoneSimulator
		{0CE665C3-BD7F-499B-B3CC-E402D82D52D3}.Release|x64.Deploy.0 = Release|iPhoneSimulator
		{0CE665C3-BD7F-499B-B3CC-E402D82D52D3}.Release|x86.ActiveCfg = Release|iPhoneSimulator
		{0CE665C3-BD7F-499B-B3CC-E402D82D52D3}.Release|x86.Build.0 = Release|iPhoneSimulator
		{0CE665C3-BD7F-499B-B3CC-E402D82D52D3}.Release|x86.Deploy.0 = Release|iPhoneSimulator
		{5311A663-B3F2-405B-9ED2-AC873F4F6209}.Debug|Any CPU.ActiveCfg = Debug|Any CPU
		{5311A663-B3F2-405B-9ED2-AC873F4F6209}.Debug|Any CPU.Build.0 = Debug|Any CPU
		{5311A663-B3F2-405B-9ED2-AC873F4F6209}.Debug|Any CPU.Deploy.0 = Debug|Any CPU
		{5311A663-B3F2-405B-9ED2-AC873F4F6209}.Debug|ARM.ActiveCfg = Debug|Any CPU
		{5311A663-B3F2-405B-9ED2-AC873F4F6209}.Debug|ARM.Build.0 = Debug|Any CPU
		{5311A663-B3F2-405B-9ED2-AC873F4F6209}.Debug|ARM.Deploy.0 = Debug|Any CPU
		{5311A663-B3F2-405B-9ED2-AC873F4F6209}.Debug|iPhone.ActiveCfg = Debug|Any CPU
		{5311A663-B3F2-405B-9ED2-AC873F4F6209}.Debug|iPhone.Build.0 = Debug|Any CPU
		{5311A663-B3F2-405B-9ED2-AC873F4F6209}.Debug|iPhone.Deploy.0 = Debug|Any CPU
		{5311A663-B3F2-405B-9ED2-AC873F4F6209}.Debug|iPhoneSimulator.ActiveCfg = Debug|Any CPU
		{5311A663-B3F2-405B-9ED2-AC873F4F6209}.Debug|iPhoneSimulator.Build.0 = Debug|Any CPU
		{5311A663-B3F2-405B-9ED2-AC873F4F6209}.Debug|iPhoneSimulator.Deploy.0 = Debug|Any CPU
		{5311A663-B3F2-405B-9ED2-AC873F4F6209}.Debug|x64.ActiveCfg = Debug|Any CPU
		{5311A663-B3F2-405B-9ED2-AC873F4F6209}.Debug|x64.Build.0 = Debug|Any CPU
		{5311A663-B3F2-405B-9ED2-AC873F4F6209}.Debug|x64.Deploy.0 = Debug|Any CPU
		{5311A663-B3F2-405B-9ED2-AC873F4F6209}.Debug|x86.ActiveCfg = Debug|Any CPU
		{5311A663-B3F2-405B-9ED2-AC873F4F6209}.Debug|x86.Build.0 = Debug|Any CPU
		{5311A663-B3F2-405B-9ED2-AC873F4F6209}.Debug|x86.Deploy.0 = Debug|Any CPU
		{5311A663-B3F2-405B-9ED2-AC873F4F6209}.Release|Any CPU.ActiveCfg = Release|Any CPU
		{5311A663-B3F2-405B-9ED2-AC873F4F6209}.Release|Any CPU.Build.0 = Release|Any CPU
		{5311A663-B3F2-405B-9ED2-AC873F4F6209}.Release|Any CPU.Deploy.0 = Release|Any CPU
		{5311A663-B3F2-405B-9ED2-AC873F4F6209}.Release|ARM.ActiveCfg = Release|Any CPU
		{5311A663-B3F2-405B-9ED2-AC873F4F6209}.Release|ARM.Build.0 = Release|Any CPU
		{5311A663-B3F2-405B-9ED2-AC873F4F6209}.Release|ARM.Deploy.0 = Release|Any CPU
		{5311A663-B3F2-405B-9ED2-AC873F4F6209}.Release|iPhone.ActiveCfg = Release|Any CPU
		{5311A663-B3F2-405B-9ED2-AC873F4F6209}.Release|iPhone.Build.0 = Release|Any CPU
		{5311A663-B3F2-405B-9ED2-AC873F4F6209}.Release|iPhone.Deploy.0 = Release|Any CPU
		{5311A663-B3F2-405B-9ED2-AC873F4F6209}.Release|iPhoneSimulator.ActiveCfg = Release|Any CPU
		{5311A663-B3F2-405B-9ED2-AC873F4F6209}.Release|iPhoneSimulator.Build.0 = Release|Any CPU
		{5311A663-B3F2-405B-9ED2-AC873F4F6209}.Release|iPhoneSimulator.Deploy.0 = Release|Any CPU
		{5311A663-B3F2-405B-9ED2-AC873F4F6209}.Release|x64.ActiveCfg = Release|Any CPU
		{5311A663-B3F2-405B-9ED2-AC873F4F6209}.Release|x64.Build.0 = Release|Any CPU
		{5311A663-B3F2-405B-9ED2-AC873F4F6209}.Release|x64.Deploy.0 = Release|Any CPU
		{5311A663-B3F2-405B-9ED2-AC873F4F6209}.Release|x86.ActiveCfg = Release|Any CPU
		{5311A663-B3F2-405B-9ED2-AC873F4F6209}.Release|x86.Build.0 = Release|Any CPU
		{5311A663-B3F2-405B-9ED2-AC873F4F6209}.Release|x86.Deploy.0 = Release|Any CPU
		{A1B0E4C0-96A7-4CB2-B086-1C7E6EF293E3}.Debug|Any CPU.ActiveCfg = Debug|Any CPU
		{A1B0E4C0-96A7-4CB2-B086-1C7E6EF293E3}.Debug|Any CPU.Build.0 = Debug|Any CPU
		{A1B0E4C0-96A7-4CB2-B086-1C7E6EF293E3}.Debug|ARM.ActiveCfg = Debug|Any CPU
		{A1B0E4C0-96A7-4CB2-B086-1C7E6EF293E3}.Debug|ARM.Build.0 = Debug|Any CPU
		{A1B0E4C0-96A7-4CB2-B086-1C7E6EF293E3}.Debug|iPhone.ActiveCfg = Debug|Any CPU
		{A1B0E4C0-96A7-4CB2-B086-1C7E6EF293E3}.Debug|iPhone.Build.0 = Debug|Any CPU
		{A1B0E4C0-96A7-4CB2-B086-1C7E6EF293E3}.Debug|iPhoneSimulator.ActiveCfg = Debug|Any CPU
		{A1B0E4C0-96A7-4CB2-B086-1C7E6EF293E3}.Debug|iPhoneSimulator.Build.0 = Debug|Any CPU
		{A1B0E4C0-96A7-4CB2-B086-1C7E6EF293E3}.Debug|x64.ActiveCfg = Debug|Any CPU
		{A1B0E4C0-96A7-4CB2-B086-1C7E6EF293E3}.Debug|x64.Build.0 = Debug|Any CPU
		{A1B0E4C0-96A7-4CB2-B086-1C7E6EF293E3}.Debug|x86.ActiveCfg = Debug|Any CPU
		{A1B0E4C0-96A7-4CB2-B086-1C7E6EF293E3}.Debug|x86.Build.0 = Debug|Any CPU
		{A1B0E4C0-96A7-4CB2-B086-1C7E6EF293E3}.Release|Any CPU.ActiveCfg = Release|Any CPU
		{A1B0E4C0-96A7-4CB2-B086-1C7E6EF293E3}.Release|Any CPU.Build.0 = Release|Any CPU
		{A1B0E4C0-96A7-4CB2-B086-1C7E6EF293E3}.Release|ARM.ActiveCfg = Release|Any CPU
		{A1B0E4C0-96A7-4CB2-B086-1C7E6EF293E3}.Release|ARM.Build.0 = Release|Any CPU
		{A1B0E4C0-96A7-4CB2-B086-1C7E6EF293E3}.Release|iPhone.ActiveCfg = Release|Any CPU
		{A1B0E4C0-96A7-4CB2-B086-1C7E6EF293E3}.Release|iPhone.Build.0 = Release|Any CPU
		{A1B0E4C0-96A7-4CB2-B086-1C7E6EF293E3}.Release|iPhoneSimulator.ActiveCfg = Release|Any CPU
		{A1B0E4C0-96A7-4CB2-B086-1C7E6EF293E3}.Release|iPhoneSimulator.Build.0 = Release|Any CPU
		{A1B0E4C0-96A7-4CB2-B086-1C7E6EF293E3}.Release|x64.ActiveCfg = Release|Any CPU
		{A1B0E4C0-96A7-4CB2-B086-1C7E6EF293E3}.Release|x64.Build.0 = Release|Any CPU
		{A1B0E4C0-96A7-4CB2-B086-1C7E6EF293E3}.Release|x86.ActiveCfg = Release|Any CPU
		{A1B0E4C0-96A7-4CB2-B086-1C7E6EF293E3}.Release|x86.Build.0 = Release|Any CPU
	EndGlobalSection
	GlobalSection(SolutionProperties) = preSolution
		HideSolutionNode = FALSE
	EndGlobalSection
	GlobalSection(ExtensibilityGlobals) = postSolution
		SolutionGuid = {B8B66242-69DD-4A6E-8C75-7F9AFB709858}
	EndGlobalSection
EndGlobal
